
Microsoft Visual Studio Solution File, Format Version 12.00
# Visual Studio Version 17
VisualStudioVersion = 17.3.32819.101
MinimumVisualStudioVersion = 10.0.40219.1
Project("{FAE04EC0-301F-11D3-BF4B-00C04F79EFBC}") = "AnimeAiep", "AnimeAiep\AnimeAiep.csproj", "{A2D1F442-BE76-4B88-A21B-9C5355BFF39F}"
EndProject
Global
	GlobalSection(SolutionConfigurationPlatforms) = preSolution
		Debug|Any CPU = Debug|Any CPU
		Release|Any CPU = Release|Any CPU
	EndGlobalSection
	GlobalSection(ProjectConfigurationPlatforms) = postSolution
		{A2D1F442-BE76-4B88-A21B-9C5355BFF39F}.Debug|Any CPU.ActiveCfg = Debug|Any CPU
		{A2D1F442-BE76-4B88-A21B-9C5355BFF39F}.Debug|Any CPU.Build.0 = Debug|Any CPU
		{A2D1F442-BE76-4B88-A21B-9C5355BFF39F}.Release|Any CPU.ActiveCfg = Release|Any CPU
		{A2D1F442-BE76-4B88-A21B-9C5355BFF39F}.Release|Any CPU.Build.0 = Release|Any CPU
	EndGlobalSection
	GlobalSection(SolutionProperties) = preSolution
		HideSolutionNode = FALSE
	EndGlobalSection
	GlobalSection(ExtensibilityGlobals) = postSolution
		SolutionGuid = {8C2521F7-C367-412F-BC0F-2F83E77C6AF3}
	EndGlobalSection
EndGlobal
